
Microsoft Visual Studio Solution File, Format Version 12.00
# Visual Studio Version 17
VisualStudioVersion = 17.3.32611.2
MinimumVisualStudioVersion = 10.0.40219.1
Project("{FAE04EC0-301F-11D3-BF4B-00C04F79EFBC}") = "WpfApp1", "WpfApp1.csproj", "{93253520-33D7-4961-8558-F58A101765EB}"
EndProject
Global
	GlobalSection(SolutionConfigurationPlatforms) = preSolution
		Debug|Any CPU = Debug|Any CPU
		Release|Any CPU = Release|Any CPU
	EndGlobalSection
	GlobalSection(ProjectConfigurationPlatforms) = postSolution
		{93253520-33D7-4961-8558-F58A101765EB}.Debug|Any CPU.ActiveCfg = Debug|Any CPU
		{93253520-33D7-4961-8558-F58A101765EB}.Debug|Any CPU.Build.0 = Debug|Any CPU
		{93253520-33D7-4961-8558-F58A101765EB}.Release|Any CPU.ActiveCfg = Release|Any CPU
		{93253520-33D7-4961-8558-F58A101765EB}.Release|Any CPU.Build.0 = Release|Any CPU
	EndGlobalSection
	GlobalSection(SolutionProperties) = preSolution
		HideSolutionNode = FALSE
	EndGlobalSection
	GlobalSection(ExtensibilityGlobals) = postSolution
		SolutionGuid = {524DEA6B-3BAC-49A8-A89C-3BEAA5BAD4CC}
	EndGlobalSection
EndGlobal
